schema: '2.0'
stages:
  prepare:
    cmd: python -m model_training.dataset
    deps:
    - path: model_training/dataset.py
      hash: md5
      md5: f3f970bb52ad3690704ef3e6c744c3d6
      size: 5225
    outs:
    - path: data/external/a1_RestaurantReviews_HistoricDump.tsv
      hash: md5
      md5: 102f1f4193e0bdebdd6cce7f13e0a839
      size: 54686
    - path: data/interim/data_interim.csv
      hash: md5
      md5: b6d16a4ec1565a921115d46967175c16
      size: 31437
  featurize:
    cmd: python -m model_training.features
    deps:
    - path: data/interim/data_interim.csv
      hash: md5
      md5: b6d16a4ec1565a921115d46967175c16
      size: 31437
    - path: model_training/features.py
      hash: md5
      md5: edce993d0385b7211183c6885d4669d8
      size: 1297
    outs:
    - path: data/processed/features.csv
      hash: md5
      md5: 761fcebc53f5bdef46ee9a108eb2f988
      size: 2525321
    - path: models/bow_sentiment_model.pkl
      hash: md5
      md5: 492c672dbd3d766158800ae83eee5946
      size: 39448
  train:
    cmd: python -m model_training.modeling.train
    deps:
    - path: data/interim/data_interim.csv
      hash: md5
      md5: b6d16a4ec1565a921115d46967175c16
      size: 31437
    - path: data/processed/features.csv
      hash: md5
      md5: 5bec54d6989e30a73dc00a943d099c43
      size: 39448
    - path: model_training/modeling/train.py
      hash: md5
      md5: 42692f72812f8fc8a715b78b45618c97
      size: 2241
    outs:
    - path: data/processed/X_test.csv
      hash: md5
      md5: ab2d311f96deaefc8b1215afd7f2aeaa
      size: 508670
    - path: data/processed/y_test.csv
      hash: md5
      md5: 18587d7f977987032be60d602dbc4725
      size: 354
    - path: models/sentiment_model.pkl
      hash: md5
      md5: c08675bde82dc16d2163b6dfd0ea1e51
      size: 7341755
  evaluate:
    cmd: python -m model_training.modeling.evaluate
    deps:
    - path: data/processed/X_test.csv
      hash: md5
      md5: ab2d311f96deaefc8b1215afd7f2aeaa
      size: 508670
    - path: data/processed/y_test.csv
      hash: md5
      md5: 18587d7f977987032be60d602dbc4725
      size: 354
    - path: model_training/modeling/evaluate.py
      hash: md5
      md5: 0384fa06756d08ca781733d32f71af91
      size: 1712
    - path: models/bow_sentiment_model.pkl
      hash: md5
      md5: 492c672dbd3d766158800ae83eee5946
      size: 39448
    - path: models/sentiment_model.pkl
      hash: md5
      md5: c08675bde82dc16d2163b6dfd0ea1e51
      size: 7341755
    outs:
    - path: output/metrics.json
      hash: md5
      md5: 92f32901031e0be38bf3edcd11beb3fd
      size: 174
