schema: '2.0'
stages:
  prepare:
    cmd: python -m model_training.dataset
    deps:
    - path: model_training/dataset.py
      hash: md5
      md5: 0c8acb334f717375bb30c96575049dbd
      size: 1888
    outs:
    - path: data/external/a1_RestaurantReviews_HistoricDump.tsv
      hash: md5
      md5: 102f1f4193e0bdebdd6cce7f13e0a839
      size: 54686
    - path: data/interim/data_interim.csv
      hash: md5
      md5: f5f2d141486a1fca244af16ef2ee6cca
      size: 29798
  featurize:
    cmd: python -m model_training.features
    deps:
    - path: data/interim/data_interim.csv
      hash: md5
      md5: f5f2d141486a1fca244af16ef2ee6cca
      size: 29798
    - path: model_training/features.py
      hash: md5
      md5: 5b2c8887fd70ac76813383457ea7df42
      size: 1254
    outs:
    - path: data/processed/features.csv
      hash: md5
      md5: bf6f3c01bc08dd5fb774f5561e51102c
      size: 2562244
    - path: models/bow_sentiment_model.pkl
      hash: md5
      md5: 2acf3ad99c0691e77a530a13035daa07
      size: 39451
  train:
    cmd: python -m model_training.modeling.train
    deps:
    - path: data/interim/data_interim.csv
      hash: md5
      md5: f5f2d141486a1fca244af16ef2ee6cca
      size: 29798
    - path: data/processed/features.csv
      hash: md5
      md5: 1e4bbeb664500a5cb604fda1992de516
      size: 39451
    - path: model_training/modeling/train.py
      hash: md5
      md5: 25c17f04ff4dba3bd18afe962c30dc05
      size: 1961
    outs:
    - path: models/sentiment_model.pkl
      hash: md5
      md5: 98f06fa23627bb1a62e13c9c41d33196
      size: 7284859
