schema: '2.0'
stages:
  prepare:
    cmd: python -m model_training.dataset
    deps:
    - path: model_training/dataset.py
      hash: md5
      md5: 5492347613e45f8b23a15c6f02cba81d
      size: 3939
    outs:
    - path: data/external/a1_RestaurantReviews_HistoricDump.tsv
      hash: md5
      md5: 102f1f4193e0bdebdd6cce7f13e0a839
      size: 54686
    - path: data/interim/data_interim.csv
      hash: md5
      md5: ed6d105d852a717e46d8fa551aeb693f
      size: 29665
  featurize:
    cmd: python -m model_training.features
    deps:
    - path: data/interim/data_interim.csv
      hash: md5
      md5: ed6d105d852a717e46d8fa551aeb693f
      size: 29665
    - path: model_training/features.py
      hash: md5
      md5: 5b2c8887fd70ac76813383457ea7df42
      size: 1254
    outs:
    - path: data/processed/features.csv
      hash: md5
      md5: 761fcebc53f5bdef46ee9a108eb2f988
      size: 2525321
    - path: models/bow_sentiment_model.pkl
      hash: md5
      md5: 17e13505e755874f98651f62936c76ea
      size: 39445
  train:
    cmd: python -m model_training.modeling.train
    deps:
    - path: data/interim/data_interim.csv
      hash: md5
      md5: ed6d105d852a717e46d8fa551aeb693f
      size: 29665
    - path: data/processed/features.csv
      hash: md5
      md5: 17e13505e755874f98651f62936c76ea
      size: 39445
    - path: model_training/modeling/train.py
      hash: md5
      md5: 45d150b7318ef69b655fa90933c37f1b
      size: 2176
    outs:
    - path: data/processed/X_test.csv
      hash: md5
      md5: 7a96d6f85f863cf556bcbe5842bf3b48
      size: 511510
    - path: data/processed/y_test.csv
      hash: md5
      md5: dd76413160af8040cb1d3c23fac75c19
      size: 356
    - path: models/sentiment_model.pkl
      hash: md5
      md5: bed7e32c7d35805bd6be01c5b4d7a43c
      size: 7899371
  evaluate:
    cmd: python -m model_training.modeling.evaluate
    deps:
    - path: data/processed/X_test.csv
      hash: md5
      md5: 7a96d6f85f863cf556bcbe5842bf3b48
      size: 511510
    - path: data/processed/y_test.csv
      hash: md5
      md5: dd76413160af8040cb1d3c23fac75c19
      size: 356
    - path: model_training/modeling/evaluate.py
      hash: md5
      md5: 9f6a899481074b4f726bdc9d396751e1
      size: 1811
    - path: models/bow_sentiment_model.pkl
      hash: md5
      md5: 17e13505e755874f98651f62936c76ea
      size: 39445
    - path: models/sentiment_model.pkl
      hash: md5
      md5: bed7e32c7d35805bd6be01c5b4d7a43c
      size: 7899371
    outs:
    - path: output/metrics.json
      hash: md5
      md5: a889c25b695f6c1d2f9b10b484cd88cc
      size: 159
